
Microsoft Visual Studio Solution File, Format Version 12.00
# Visual Studio Version 17
VisualStudioVersion = 17.0.31903.59
MinimumVisualStudioVersion = 10.0.40219.1
Project("{FAE04EC0-301F-11D3-BF4B-00C04F79EFBC}") = "ExploringGitCommand", "ExploringGitCommand\ExploringGitCommand.csproj", "{CBDF6621-B287-4A14-A164-9D40F8BEED08}"
EndProject
Global
	GlobalSection(SolutionConfigurationPlatforms) = preSolution
		Debug|Any CPU = Debug|Any CPU
		Release|Any CPU = Release|Any CPU
	EndGlobalSection
	GlobalSection(ProjectConfigurationPlatforms) = postSolution
		{CBDF6621-B287-4A14-A164-9D40F8BEED08}.Debug|Any CPU.ActiveCfg = Debug|Any CPU
		{CBDF6621-B287-4A14-A164-9D40F8BEED08}.Debug|Any CPU.Build.0 = Debug|Any CPU
		{CBDF6621-B287-4A14-A164-9D40F8BEED08}.Release|Any CPU.ActiveCfg = Release|Any CPU
		{CBDF6621-B287-4A14-A164-9D40F8BEED08}.Release|Any CPU.Build.0 = Release|Any CPU
	EndGlobalSection
	GlobalSection(SolutionProperties) = preSolution
		HideSolutionNode = FALSE
	EndGlobalSection
	GlobalSection(ExtensibilityGlobals) = postSolution
		SolutionGuid = {DEB2C41B-2838-4912-A14E-8C12A3FC65BE}
	EndGlobalSection
EndGlobal
